{
  "name": "construction-company-website-template-free",
  "lockfileVersion": 2,
  "requires": true,
  "packages": {
    "": {
      "dependencies": {
        "@sweetalert2/theme-dark": "^5.0.15",
        "@sweetalert2/themes": "^5.0.15",
        "animate.css": "^4.1.1",
        "bootstrap-icons": "^1.10.3",
        "sweetalert2": "^11.6.16"
      }
    },
    "node_modules/@sweetalert2/theme-dark": {
      "version": "5.0.15",
      "resolved": "https://registry.npmjs.org/@sweetalert2/theme-dark/-/theme-dark-5.0.15.tgz",
      "integrity": "sha512-g1QCwQVOkiAz5hIEBOIvvu0580lubu4KuQlod+48QetYzGIEXNlHEH36QihCDnGVgE6vx48iO48w9q0WrZWyHQ=="
    },
    "node_modules/@sweetalert2/themes": {
      "version": "5.0.15",
      "resolved": "https://registry.npmjs.org/@sweetalert2/themes/-/themes-5.0.15.tgz",
      "integrity": "sha512-uGU7CynpjRc3cllTqZEvXiZTpfQ6MN4faG+Tf0VFW81bLysCQm00iHS3NJLZx5STRfxpM5SzqeVXpAzJyTG/WA==",
      "peerDependencies": {
        "sweetalert2": "^11.0.0"
      }
    },
    "node_modules/animate.css": {
      "version": "4.1.1",
      "resolved": "https://registry.npmjs.org/animate.css/-/animate.css-4.1.1.tgz",
      "integrity": "sha512-+mRmCTv6SbCmtYJCN4faJMNFVNN5EuCTTprDTAo7YzIGji2KADmakjVA3+8mVDkZ2Bf09vayB35lSQIex2+QaQ=="
    },
    "node_modules/bootstrap-icons": {
      "version": "1.10.3",
      "resolved": "https://registry.npmjs.org/bootstrap-icons/-/bootstrap-icons-1.10.3.tgz",
      "integrity": "sha512-7Qvj0j0idEm/DdX9Q0CpxAnJYqBCFCiUI6qzSPYfERMcokVuV9Mdm/AJiVZI8+Gawe4h/l6zFcOzvV7oXCZArw=="
    },
    "node_modules/sweetalert2": {
      "version": "11.6.16",
      "resolved": "https://registry.npmjs.org/sweetalert2/-/sweetalert2-11.6.16.tgz",
      "integrity": "sha512-T2FO8LptErsjE4r0WMfiSk4YbeUvPadNaUZ/cADMEOnws000znrf8zFX9S5e/spvzJDyRI5En73WQyDZhGypxQ==",
      "funding": {
        "type": "individual",
        "url": "https://github.com/sponsors/limonte"
      }
    }
  },
  "dependencies": {
    "@sweetalert2/theme-dark": {
      "version": "5.0.15",
      "resolved": "https://registry.npmjs.org/@sweetalert2/theme-dark/-/theme-dark-5.0.15.tgz",
      "integrity": "sha512-g1QCwQVOkiAz5hIEBOIvvu0580lubu4KuQlod+48QetYzGIEXNlHEH36QihCDnGVgE6vx48iO48w9q0WrZWyHQ=="
    },
    "@sweetalert2/themes": {
      "version": "5.0.15",
      "resolved": "https://registry.npmjs.org/@sweetalert2/themes/-/themes-5.0.15.tgz",
      "integrity": "sha512-uGU7CynpjRc3cllTqZEvXiZTpfQ6MN4faG+Tf0VFW81bLysCQm00iHS3NJLZx5STRfxpM5SzqeVXpAzJyTG/WA==",
      "requires": {}
    },
    "animate.css": {
      "version": "4.1.1",
      "resolved": "https://registry.npmjs.org/animate.css/-/animate.css-4.1.1.tgz",
      "integrity": "sha512-+mRmCTv6SbCmtYJCN4faJMNFVNN5EuCTTprDTAo7YzIGji2KADmakjVA3+8mVDkZ2Bf09vayB35lSQIex2+QaQ=="
    },
    "bootstrap-icons": {
      "version": "1.10.3",
      "resolved": "https://registry.npmjs.org/bootstrap-icons/-/bootstrap-icons-1.10.3.tgz",
      "integrity": "sha512-7Qvj0j0idEm/DdX9Q0CpxAnJYqBCFCiUI6qzSPYfERMcokVuV9Mdm/AJiVZI8+Gawe4h/l6zFcOzvV7oXCZArw=="
    },
    "sweetalert2": {
      "version": "11.6.16",
      "resolved": "https://registry.npmjs.org/sweetalert2/-/sweetalert2-11.6.16.tgz",
      "integrity": "sha512-T2FO8LptErsjE4r0WMfiSk4YbeUvPadNaUZ/cADMEOnws000znrf8zFX9S5e/spvzJDyRI5En73WQyDZhGypxQ=="
    }
  }
}
